{
  "name": "ng-mappingtool-gdbtree",
  "version": "1.0.0",
  "lockfileVersion": 1,
  "requires": true,
  "dependencies": {
    "angular": {
      "version": "1.7.8",
      "resolved": "http://artifactory.factset.com/artifactory/api/npm/npm/angular/-/angular-1.7.8.tgz",
      "integrity": "sha1-t37eJyzhsmHjvjDBRRoLNGkFo8k="
    },
    "es-module-loader": {
      "version": "2.3.0",
      "resolved": "http://artifactory.factset.com/artifactory/api/npm/npm/es-module-loader/-/es-module-loader-2.3.0.tgz",
      "integrity": "sha1-4gg1/GrQv0LkWfuN0KF7WW4aASc=",
      "dev": true
    },
    "ngVue": {
      "version": "1.7.7",
      "resolved": "http://artifactory.factset.com/artifactory/api/npm/npm/ngVue/-/ngVue-1.7.7.tgz",
      "integrity": "sha1-3XT3CMTskukTBiiQDDe4M6XJlAA="
    },
    "requirejs": {
      "version": "2.3.6",
      "resolved": "http://artifactory.factset.com/artifactory/api/npm/npm/requirejs/-/requirejs-2.3.6.tgz",
      "integrity": "sha1-5Qk9lgHCgpJRJYwLlEXU0Z+p58k="
    },
    "sortablejs": {
      "version": "1.10.1",
      "resolved": "http://artifactory.factset.com/artifactory/api/npm/npm/sortablejs/-/sortablejs-1.10.1.tgz",
      "integrity": "sha1-PVKwD4cb4A8A+E2Zpg0SC/Pf5Sw="
    },
    "underscore": {
      "version": "1.9.1",
      "resolved": "http://artifactory.factset.com/artifactory/api/npm/npm/underscore/-/underscore-1.9.1.tgz",
      "integrity": "sha1-BtzjSg5op7q8KbNluOdLiSUgOWE="
    },
    "vue": {
      "version": "2.6.10",
      "resolved": "http://artifactory.factset.com/artifactory/api/npm/npm/vue/-/vue-2.6.10.tgz",
      "integrity": "sha1-pysaQqTYKnIepDjRtr9V5mGVxjc="
    },
    "vue-underscore": {
      "version": "0.1.4",
      "resolved": "http://artifactory.factset.com/artifactory/api/npm/npm/vue-underscore/-/vue-underscore-0.1.4.tgz",
      "integrity": "sha1-w9zuJqbgJ53ylEimBBp+ZMIJgao=",
      "requires": {
        "underscore": "^1.8.3"
      }
    },
    "vuedraggable": {
      "version": "2.23.2",
      "resolved": "http://artifactory.factset.com/artifactory/api/npm/npm/vuedraggable/-/vuedraggable-2.23.2.tgz",
      "integrity": "sha1-DZXX/fTwL1Z1Wiazydylx8qc+nI=",
      "requires": {
        "sortablejs": "^1.10.1"
      }
    }
  }
}
