# THIS IS AN AUTOGENERATED FILE. DO NOT EDIT THIS FILE DIRECTLY.
# yarn lockfile v1


"@nuxt/opencollective@^0.3.0":
  version "0.3.0"
  resolved "http://artifactory.factset.com/artifactory/api/npm/npm/@nuxt/opencollective/-/opencollective-0.3.0.tgz#11d8944dcf2d526e31660bb69570be03f8fb72b7"
  integrity sha1-EdiUTc8tUm4xZgu2lXC+A/j7crc=
  dependencies:
    chalk "^2.4.2"
    consola "^2.10.1"
    node-fetch "^2.6.0"

"@types/node@^10.14.17":
  version "10.17.0"
  resolved "http://artifactory.factset.com/artifactory/api/npm/npm/@types/node/-/node-10.17.0.tgz#537c61a1df699a8331c79dab2ccc2c8799873c66"
  integrity sha1-U3xhod9pmoMxx52rLMwsh5mHPGY=

"@types/webrtc@^0.0.25":
  version "0.0.25"
  resolved "http://artifactory.factset.com/artifactory/api/npm/npm/@types/webrtc/-/webrtc-0.0.25.tgz#bd2b4e7b4c13250b3d58439623f2b9adfd7dee9e"
  integrity sha1-vStOe0wTJQs9WEOWI/K5rf197p4=

angular@^1.6.4:
  version "1.7.8"
  resolved "http://artifactory.factset.com/artifactory/api/npm/npm/angular/-/angular-1.7.8.tgz#b77ede272ce1b261e3be30c1451a0b346905a3c9"
  integrity sha1-t37eJyzhsmHjvjDBRRoLNGkFo8k=

ansi-escapes@^1.1.0:
  version "1.4.0"
  resolved "http://artifactory.factset.com/artifactory/api/npm/npm/ansi-escapes/-/ansi-escapes-1.4.0.tgz#d3a8a83b319aa67793662b13e761c7911422306e"
  integrity sha1-06ioOzGapneTZisT52HHkRQiMG4=

ansi-regex@^2.0.0:
  version "2.1.1"
  resolved "http://artifactory.factset.com/artifactory/api/npm/npm/ansi-regex/-/ansi-regex-2.1.1.tgz#c3b33ab5ee360d86e0e628f0468ae7ef27d654df"
  integrity sha1-w7M6te42DYbg5ijwRorn7yfWVN8=

ansi-regex@^3.0.0:
  version "3.0.0"
  resolved "http://artifactory.factset.com/artifactory/api/npm/npm/ansi-regex/-/ansi-regex-3.0.0.tgz#ed0317c322064f79466c02966bddb605ab37d998"
  integrity sha1-7QMXwyIGT3lGbAKWa922Bas32Zg=

ansi-styles@^2.2.1:
  version "2.2.1"
  resolved "http://artifactory.factset.com/artifactory/api/npm/npm/ansi-styles/-/ansi-styles-2.2.1.tgz#b432dd3358b634cf75e1e4664368240533c1ddbe"
  integrity sha1-tDLdM1i2NM914eRmQ2gkBTPB3b4=

ansi-styles@^3.2.1:
  version "3.2.1"
  resolved "http://artifactory.factset.com/artifactory/api/npm/npm/ansi-styles/-/ansi-styles-3.2.1.tgz#41fbb20243e50b12be0f04b8dedbf07520ce841d"
  integrity sha1-QfuyAkPlCxK+DwS43tvwdSDOhB0=
  dependencies:
    color-convert "^1.9.0"

babel-polyfill@6.23.0:
  version "6.23.0"
  resolved "http://artifactory.factset.com/artifactory/api/npm/npm/babel-polyfill/-/babel-polyfill-6.23.0.tgz#8364ca62df8eafb830499f699177466c3b03499d"
  integrity sha1-g2TKYt+Or7gwSZ9pkXdGbDsDSZ0=
  dependencies:
    babel-runtime "^6.22.0"
    core-js "^2.4.0"
    regenerator-runtime "^0.10.0"

babel-runtime@^6.22.0:
  version "6.26.0"
  resolved "http://artifactory.factset.com/artifactory/api/npm/npm/babel-runtime/-/babel-runtime-6.26.0.tgz#965c7058668e82b55d7bfe04ff2337bc8b5647fe"
  integrity sha1-llxwWGaOgrVde/4E/yM3vItWR/4=
  dependencies:
    core-js "^2.4.0"
    regenerator-runtime "^0.11.0"

bootstrap-vue@^2.0.4:
  version "2.0.4"
  resolved "http://artifactory.factset.com/artifactory/api/npm/npm/bootstrap-vue/-/bootstrap-vue-2.0.4.tgz#9bf99754a22acece72e02adda3c7965b818ae2bc"
  integrity sha1-m/mXVKIqzs5y4Crdo8eWW4GK4rw=
  dependencies:
    "@nuxt/opencollective" "^0.3.0"
    bootstrap ">=4.3.1 <5.0.0"
    popper.js "^1.15.0"
    portal-vue "^2.1.6"
    vue-functional-data-merge "^3.1.0"

"bootstrap@>=4.3.1 <5.0.0":
  version "4.3.1"
  resolved "http://artifactory.factset.com/artifactory/api/npm/npm/bootstrap/-/bootstrap-4.3.1.tgz#280ca8f610504d99d7b6b4bfc4b68cec601704ac"
  integrity sha1-KAyo9hBQTZnXtrS/xLaM7GAXBKw=

camelcase@^5.3.1:
  version "5.3.1"
  resolved "http://artifactory.factset.com/artifactory/api/npm/npm/camelcase/-/camelcase-5.3.1.tgz#e3c9b31569e106811df242f715725a1f4c494320"
  integrity sha1-48mzFWnhBoEd8kL3FXJaH0xJQyA=

chalk@1.1.3, chalk@^1.0.0:
  version "1.1.3"
  resolved "http://artifactory.factset.com/artifactory/api/npm/npm/chalk/-/chalk-1.1.3.tgz#a8115c55e4a702fe4d150abd3872822a7e09fc98"
  integrity sha1-qBFcVeSnAv5NFQq9OHKCKn4J/Jg=
  dependencies:
    ansi-styles "^2.2.1"
    escape-string-regexp "^1.0.2"
    has-ansi "^2.0.0"
    strip-ansi "^3.0.0"
    supports-color "^2.0.0"

chalk@^2.4.2:
  version "2.4.2"
  resolved "http://artifactory.factset.com/artifactory/api/npm/npm/chalk/-/chalk-2.4.2.tgz#cd42541677a54333cf541a49108c1432b44c9424"
  integrity sha1-zUJUFnelQzPPVBpJEIwUMrRMlCQ=
  dependencies:
    ansi-styles "^3.2.1"
    escape-string-regexp "^1.0.5"
    supports-color "^5.3.0"

chardet@^0.4.0:
  version "0.4.2"
  resolved "http://artifactory.factset.com/artifactory/api/npm/npm/chardet/-/chardet-0.4.2.tgz#b5473b33dc97c424e5d98dc87d55d4d8a29c8bf2"
  integrity sha1-tUc7M9yXxCTl2Y3IfVXU2KKci/I=

cli-cursor@^2.1.0:
  version "2.1.0"
  resolved "http://artifactory.factset.com/artifactory/api/npm/npm/cli-cursor/-/cli-cursor-2.1.0.tgz#b35dac376479facc3e94747d41d0d0f5238ffcb5"
  integrity sha1-s12sN2R5+sw+lHR9QdDQ9SOP/LU=
  dependencies:
    restore-cursor "^2.0.0"

cli-width@^2.0.0:
  version "2.2.0"
  resolved "http://artifactory.factset.com/artifactory/api/npm/npm/cli-width/-/cli-width-2.2.0.tgz#ff19ede8a9a5e579324147b0c11f0fbcbabed639"
  integrity sha1-/xnt6Kml5XkyQUewwR8PvLq+1jk=

color-convert@^1.9.0:
  version "1.9.3"
  resolved "http://artifactory.factset.com/artifactory/api/npm/npm/color-convert/-/color-convert-1.9.3.tgz#bb71850690e1f136567de629d2d5471deda4c1e8"
  integrity sha1-u3GFBpDh8TZWfeYp0tVHHe2kweg=
  dependencies:
    color-name "1.1.3"

color-name@1.1.3:
  version "1.1.3"
  resolved "http://artifactory.factset.com/artifactory/api/npm/npm/color-name/-/color-name-1.1.3.tgz#a7d0558bd89c42f795dd42328f740831ca53bc25"
  integrity sha1-p9BVi9icQveV3UIyj3QIMcpTvCU=

consola@^2.10.1:
  version "2.10.1"
  resolved "http://artifactory.factset.com/artifactory/api/npm/npm/consola/-/consola-2.10.1.tgz#4693edba714677c878d520e4c7e4f69306b4b927"
  integrity sha1-RpPtunFGd8h41SDkx+T2kwa0uSc=

core-js@^2.4.0:
  version "2.6.10"
  resolved "http://artifactory.factset.com/artifactory/api/npm/npm/core-js/-/core-js-2.6.10.tgz#8a5b8391f8cc7013da703411ce5b585706300d7f"
  integrity sha1-iluDkfjMcBPacDQRzltYVwYwDX8=

encoding@^0.1.11:
  version "0.1.12"
  resolved "http://artifactory.factset.com/artifactory/api/npm/npm/encoding/-/encoding-0.1.12.tgz#538b66f3ee62cd1ab51ec323829d1f9480c74beb"
  integrity sha1-U4tm8+5izRq1HsMjgp0flIDHS+s=
  dependencies:
    iconv-lite "~0.4.13"

es-module-loader@^2.3.0:
  version "2.3.0"
  resolved "http://artifactory.factset.com/artifactory/api/npm/npm/es-module-loader/-/es-module-loader-2.3.0.tgz#e20835fc6ad0bf42e459fb8dd0a17b596e1a0127"
  integrity sha1-4gg1/GrQv0LkWfuN0KF7WW4aASc=

escape-string-regexp@^1.0.2, escape-string-regexp@^1.0.5:
  version "1.0.5"
  resolved "http://artifactory.factset.com/artifactory/api/npm/npm/escape-string-regexp/-/escape-string-regexp-1.0.5.tgz#1b61c0562190a8dff6ae3bb2cf0200ca130b86d4"
  integrity sha1-G2HAViGQqN/2rjuyzwIAyhMLhtQ=

eventemitter3@^3.1.2:
  version "3.1.2"
  resolved "http://artifactory.factset.com/artifactory/api/npm/npm/eventemitter3/-/eventemitter3-3.1.2.tgz#2d3d48f9c346698fce83a85d7d664e98535df6e7"
  integrity sha1-LT1I+cNGaY/Og6hdfWZOmFNd9uc=

external-editor@^2.0.1:
  version "2.2.0"
  resolved "http://artifactory.factset.com/artifactory/api/npm/npm/external-editor/-/external-editor-2.2.0.tgz#045511cfd8d133f3846673d1047c154e214ad3d5"
  integrity sha1-BFURz9jRM/OEZnPRBHwVTiFK09U=
  dependencies:
    chardet "^0.4.0"
    iconv-lite "^0.4.17"
    tmp "^0.0.33"

figures@^2.0.0:
  version "2.0.0"
  resolved "http://artifactory.factset.com/artifactory/api/npm/npm/figures/-/figures-2.0.0.tgz#3ab1a2d2a62c8bfb431a0c94cb797a2fce27c962"
  integrity sha1-OrGi0qYsi/tDGgyUy3l6L84nyWI=
  dependencies:
    escape-string-regexp "^1.0.5"

has-ansi@^2.0.0:
  version "2.0.0"
  resolved "http://artifactory.factset.com/artifactory/api/npm/npm/has-ansi/-/has-ansi-2.0.0.tgz#34f5049ce1ecdf2b0649af3ef24e45ed35416d91"
  integrity sha1-NPUEnOHs3ysGSa8+8k5F7TVBbZE=
  dependencies:
    ansi-regex "^2.0.0"

has-flag@^3.0.0:
  version "3.0.0"
  resolved "http://artifactory.factset.com/artifactory/api/npm/npm/has-flag/-/has-flag-3.0.0.tgz#b5d454dc2199ae225699f3467e5a07f3b955bafd"
  integrity sha1-tdRU3CGZriJWmfNGfloH87lVuv0=

iconv-lite@^0.4.17, iconv-lite@~0.4.13:
  version "0.4.24"
  resolved "http://artifactory.factset.com/artifactory/api/npm/npm/iconv-lite/-/iconv-lite-0.4.24.tgz#2022b4b25fbddc21d2f524974a474aafe733908b"
  integrity sha1-ICK0sl+93CHS9SSXSkdKr+czkIs=
  dependencies:
    safer-buffer ">= 2.1.2 < 3"

inquirer@3.0.6:
  version "3.0.6"
  resolved "http://artifactory.factset.com/artifactory/api/npm/npm/inquirer/-/inquirer-3.0.6.tgz#e04aaa9d05b7a3cb9b0f407d04375f0447190347"
  integrity sha1-4EqqnQW3o8ubD0B9BDdfBEcZA0c=
  dependencies:
    ansi-escapes "^1.1.0"
    chalk "^1.0.0"
    cli-cursor "^2.1.0"
    cli-width "^2.0.0"
    external-editor "^2.0.1"
    figures "^2.0.0"
    lodash "^4.3.0"
    mute-stream "0.0.7"
    run-async "^2.2.0"
    rx "^4.1.0"
    string-width "^2.0.0"
    strip-ansi "^3.0.0"
    through "^2.3.6"

is-fullwidth-code-point@^2.0.0:
  version "2.0.0"
  resolved "http://artifactory.factset.com/artifactory/api/npm/npm/is-fullwidth-code-point/-/is-fullwidth-code-point-2.0.0.tgz#a3b30a5c4f199183167aaab93beefae3ddfb654f"
  integrity sha1-o7MKXE8ZkYMWeqq5O+764937ZU8=

is-promise@^2.1.0:
  version "2.1.0"
  resolved "http://artifactory.factset.com/artifactory/api/npm/npm/is-promise/-/is-promise-2.1.0.tgz#79a2a9ece7f096e80f36d2b2f3bc16c1ff4bf3fa"
  integrity sha1-eaKp7OfwlugPNtKy87wWwf9L8/o=

is-stream@^1.0.1:
  version "1.1.0"
  resolved "http://artifactory.factset.com/artifactory/api/npm/npm/is-stream/-/is-stream-1.1.0.tgz#12d4a3dd4e68e0b79ceb8dbc84173ae80d91ca44"
  integrity sha1-EtSj3U5o4Lec6428hBc66A2RykQ=

lodash@^4.3.0:
  version "4.17.21"
  resolved "https://registry.yarnpkg.com/lodash/-/lodash-4.17.21.tgz#679591c564c3bffaae8454cf0b3df370c3d6911c"
  integrity sha512-v2kDEe57lecTulaDIuNTPy3Ry4gLGJ6Z1O3vE1krgXZNrsQ+LFTGHVxVjcXPs17LhbZVGedAJv8XZ1tvj5FvSg==

mimic-fn@^1.0.0:
  version "1.2.0"
  resolved "http://artifactory.factset.com/artifactory/api/npm/npm/mimic-fn/-/mimic-fn-1.2.0.tgz#820c86a39334640e99516928bd03fca88057d022"
  integrity sha1-ggyGo5M0ZA6ZUWkovQP8qIBX0CI=

minimist@1.2.0:
  version "1.2.0"
  resolved "http://artifactory.factset.com/artifactory/api/npm/npm/minimist/-/minimist-1.2.0.tgz#a35008b20f41383eec1fb914f4cd5df79a264284"
  integrity sha1-o1AIsg9BOD7sH7kU9M1d95omQoQ=

mute-stream@0.0.7:
  version "0.0.7"
  resolved "http://artifactory.factset.com/artifactory/api/npm/npm/mute-stream/-/mute-stream-0.0.7.tgz#3075ce93bc21b8fab43e1bc4da7e8115ed1e7bab"
  integrity sha1-MHXOk7whuPq0PhvE2n6BFe0ee6s=

ngVue@^1.7.7:
  version "1.7.7"
  resolved "http://artifactory.factset.com/artifactory/api/npm/npm/ngVue/-/ngVue-1.7.7.tgz#dd74f708c4ec92e9130628900c37b833a5c99400"
  integrity sha1-3XT3CMTskukTBiiQDDe4M6XJlAA=

node-fetch@1.6.3:
  version "1.6.3"
  resolved "http://artifactory.factset.com/artifactory/api/npm/npm/node-fetch/-/node-fetch-1.6.3.tgz#dc234edd6489982d58e8f0db4f695029abcd8c04"
  integrity sha1-3CNO3WSJmC1Y6PDbT2lQKavNjAQ=
  dependencies:
    encoding "^0.1.11"
    is-stream "^1.0.1"

node-fetch@^2.6.0:
  version "2.6.0"
  resolved "http://artifactory.factset.com/artifactory/api/npm/npm/node-fetch/-/node-fetch-2.6.0.tgz#e633456386d4aa55863f676a7ab0daa8fdecb0fd"
  integrity sha1-5jNFY4bUqlWGP2dqerDaqP3ssP0=

object-assign@^4.0.1:
  version "4.1.1"
  resolved "http://artifactory.factset.com/artifactory/api/npm/npm/object-assign/-/object-assign-4.1.1.tgz#2109adc7965887cfc05cbbd442cac8bfbb360863"
  integrity sha1-IQmtx5ZYh8/AXLvUQsrIv7s2CGM=

onetime@^2.0.0:
  version "2.0.1"
  resolved "http://artifactory.factset.com/artifactory/api/npm/npm/onetime/-/onetime-2.0.1.tgz#067428230fd67443b2794b22bba528b6867962d4"
  integrity sha1-BnQoIw/WdEOyeUsiu6UotoZ5YtQ=
  dependencies:
    mimic-fn "^1.0.0"

opencollective-postinstall@^2.0.0:
  version "2.0.2"
  resolved "http://artifactory.factset.com/artifactory/api/npm/npm/opencollective-postinstall/-/opencollective-postinstall-2.0.2.tgz#5657f1bede69b6e33a45939b061eb53d3c6c3a89"
  integrity sha1-Vlfxvt5ptuM6RZObBh61PTxsOok=

opencollective@^1.0.3:
  version "1.0.3"
  resolved "http://artifactory.factset.com/artifactory/api/npm/npm/opencollective/-/opencollective-1.0.3.tgz#aee6372bc28144583690c3ca8daecfc120dd0ef1"
  integrity sha1-ruY3K8KBRFg2kMPKja7PwSDdDvE=
  dependencies:
    babel-polyfill "6.23.0"
    chalk "1.1.3"
    inquirer "3.0.6"
    minimist "1.2.0"
    node-fetch "1.6.3"
    opn "4.0.2"

opn@4.0.2:
  version "4.0.2"
  resolved "http://artifactory.factset.com/artifactory/api/npm/npm/opn/-/opn-4.0.2.tgz#7abc22e644dff63b0a96d5ab7f2790c0f01abc95"
  integrity sha1-erwi5kTf9jsKltWrfyeQwPAavJU=
  dependencies:
    object-assign "^4.0.1"
    pinkie-promise "^2.0.0"

os-tmpdir@~1.0.2:
  version "1.0.2"
  resolved "http://artifactory.factset.com/artifactory/api/npm/npm/os-tmpdir/-/os-tmpdir-1.0.2.tgz#bbe67406c79aa85c5cfec766fe5734555dfa1274"
  integrity sha1-u+Z0BseaqFxc/sdm/lc0VV36EnQ=

peerjs-js-binarypack@1.0.1:
  version "1.0.1"
  resolved "http://artifactory.factset.com/artifactory/api/npm/npm/peerjs-js-binarypack/-/peerjs-js-binarypack-1.0.1.tgz#80fa2b61c794a6b16d64253700405e476ada29be"
  integrity sha1-gPorYceUprFtZCU3AEBeR2raKb4=

peerjs@^1.1.0:
  version "1.1.0"
  resolved "http://artifactory.factset.com/artifactory/api/npm/npm/peerjs/-/peerjs-1.1.0.tgz#acfcaa366a43b1a3a002b7ef231b63942b10b6ce"
  integrity sha1-rPyqNmpDsaOgArfvIxtjlCsQts4=
  dependencies:
    "@types/node" "^10.14.17"
    "@types/webrtc" "^0.0.25"
    eventemitter3 "^3.1.2"
    opencollective "^1.0.3"
    opencollective-postinstall "^2.0.0"
    peerjs-js-binarypack "1.0.1"
    webrtc-adapter "^7.3.0"

pinkie-promise@^2.0.0:
  version "2.0.1"
  resolved "http://artifactory.factset.com/artifactory/api/npm/npm/pinkie-promise/-/pinkie-promise-2.0.1.tgz#2135d6dfa7a358c069ac9b178776288228450ffa"
  integrity sha1-ITXW36ejWMBprJsXh3YogihFD/o=
  dependencies:
    pinkie "^2.0.0"

pinkie@^2.0.0:
  version "2.0.4"
  resolved "http://artifactory.factset.com/artifactory/api/npm/npm/pinkie/-/pinkie-2.0.4.tgz#72556b80cfa0d48a974e80e77248e80ed4f7f870"
  integrity sha1-clVrgM+g1IqXToDnckjoDtT3+HA=

popper.js@^1.15.0:
  version "1.16.0"
  resolved "http://artifactory.factset.com/artifactory/api/npm/npm/popper.js/-/popper.js-1.16.0.tgz#2e1816bcbbaa518ea6c2e15a466f4cb9c6e2fbb3"
  integrity sha1-LhgWvLuqUY6mwuFaRm9Mucbi+7M=

portal-vue@^2.1.6:
  version "2.1.6"
  resolved "http://artifactory.factset.com/artifactory/api/npm/npm/portal-vue/-/portal-vue-2.1.6.tgz#a7d4790b14a79af7fd159a60ec88c30cddc6c639"
  integrity sha1-p9R5CxSnmvf9FZpg7IjDDN3Gxjk=

regenerator-runtime@^0.10.0:
  version "0.10.5"
  resolved "http://artifactory.factset.com/artifactory/api/npm/npm/regenerator-runtime/-/regenerator-runtime-0.10.5.tgz#336c3efc1220adcedda2c9fab67b5a7955a33658"
  integrity sha1-M2w+/BIgrc7dosn6tntaeVWjNlg=

regenerator-runtime@^0.11.0:
  version "0.11.1"
  resolved "http://artifactory.factset.com/artifactory/api/npm/npm/regenerator-runtime/-/regenerator-runtime-0.11.1.tgz#be05ad7f9bf7d22e056f9726cee5017fbf19e2e9"
  integrity sha1-vgWtf5v30i4Fb5cmzuUBf78Z4uk=

requirejs@^2.3.6:
  version "2.3.6"
  resolved "http://artifactory.factset.com/artifactory/api/npm/npm/requirejs/-/requirejs-2.3.6.tgz#e5093d9601c2829251258c0b9445d4d19fa9e7c9"
  integrity sha1-5Qk9lgHCgpJRJYwLlEXU0Z+p58k=

restore-cursor@^2.0.0:
  version "2.0.0"
  resolved "http://artifactory.factset.com/artifactory/api/npm/npm/restore-cursor/-/restore-cursor-2.0.0.tgz#9f7ee287f82fd326d4fd162923d62129eee0dfaf"
  integrity sha1-n37ih/gv0ybU/RYpI9YhKe7g368=
  dependencies:
    onetime "^2.0.0"
    signal-exit "^3.0.2"

rtcpeerconnection-shim@^1.2.15:
  version "1.2.15"
  resolved "http://artifactory.factset.com/artifactory/api/npm/npm/rtcpeerconnection-shim/-/rtcpeerconnection-shim-1.2.15.tgz#e7cc189a81b435324c4949aa3dfb51888684b243"
  integrity sha1-58wYmoG0NTJMSUmqPftRiIaEskM=
  dependencies:
    sdp "^2.6.0"

run-async@^2.2.0:
  version "2.3.0"
  resolved "http://artifactory.factset.com/artifactory/api/npm/npm/run-async/-/run-async-2.3.0.tgz#0371ab4ae0bdd720d4166d7dfda64ff7a445a6c0"
  integrity sha1-A3GrSuC91yDUFm19/aZP96RFpsA=
  dependencies:
    is-promise "^2.1.0"

rx@^4.1.0:
  version "4.1.0"
  resolved "http://artifactory.factset.com/artifactory/api/npm/npm/rx/-/rx-4.1.0.tgz#a5f13ff79ef3b740fe30aa803fb09f98805d4782"
  integrity sha1-pfE/957zt0D+MKqAP7CfmIBdR4I=

"safer-buffer@>= 2.1.2 < 3":
  version "2.1.2"
  resolved "http://artifactory.factset.com/artifactory/api/npm/npm/safer-buffer/-/safer-buffer-2.1.2.tgz#44fa161b0187b9549dd84bb91802f9bd8385cd6a"
  integrity sha1-RPoWGwGHuVSd2Eu5GAL5vYOFzWo=

sdp@^2.10.0, sdp@^2.6.0:
  version "2.10.0"
  resolved "http://artifactory.factset.com/artifactory/api/npm/npm/sdp/-/sdp-2.10.0.tgz#643fff1a43cdba54a739c7b202f56bd854474af2"
  integrity sha1-ZD//GkPNulSnOceyAvVr2FRHSvI=

signal-exit@^3.0.2:
  version "3.0.2"
  resolved "http://artifactory.factset.com/artifactory/api/npm/npm/signal-exit/-/signal-exit-3.0.2.tgz#b5fdc08f1287ea1178628e415e25132b73646c6d"
  integrity sha1-tf3AjxKH6hF4Yo5BXiUTK3NkbG0=

sortablejs@^1.10.1:
  version "1.10.1"
  resolved "http://artifactory.factset.com/artifactory/api/npm/npm/sortablejs/-/sortablejs-1.10.1.tgz#3d52b00f871be00f00f84d99a60d120bf3dfe52c"
  integrity sha1-PVKwD4cb4A8A+E2Zpg0SC/Pf5Sw=

string-width@^2.0.0:
  version "2.1.1"
  resolved "http://artifactory.factset.com/artifactory/api/npm/npm/string-width/-/string-width-2.1.1.tgz#ab93f27a8dc13d28cac815c462143a6d9012ae9e"
  integrity sha1-q5Pyeo3BPSjKyBXEYhQ6bZASrp4=
  dependencies:
    is-fullwidth-code-point "^2.0.0"
    strip-ansi "^4.0.0"

strip-ansi@^3.0.0:
  version "3.0.1"
  resolved "http://artifactory.factset.com/artifactory/api/npm/npm/strip-ansi/-/strip-ansi-3.0.1.tgz#6a385fb8853d952d5ff05d0e8aaf94278dc63dcf"
  integrity sha1-ajhfuIU9lS1f8F0Oiq+UJ43GPc8=
  dependencies:
    ansi-regex "^2.0.0"

strip-ansi@^4.0.0:
  version "4.0.0"
  resolved "http://artifactory.factset.com/artifactory/api/npm/npm/strip-ansi/-/strip-ansi-4.0.0.tgz#a8479022eb1ac368a871389b635262c505ee368f"
  integrity sha1-qEeQIusaw2iocTibY1JixQXuNo8=
  dependencies:
    ansi-regex "^3.0.0"

supports-color@^2.0.0:
  version "2.0.0"
  resolved "http://artifactory.factset.com/artifactory/api/npm/npm/supports-color/-/supports-color-2.0.0.tgz#535d045ce6b6363fa40117084629995e9df324c7"
  integrity sha1-U10EXOa2Nj+kARcIRimZXp3zJMc=

supports-color@^5.3.0:
  version "5.5.0"
  resolved "http://artifactory.factset.com/artifactory/api/npm/npm/supports-color/-/supports-color-5.5.0.tgz#e2e69a44ac8772f78a1ec0b35b689df6530efc8f"
  integrity sha1-4uaaRKyHcveKHsCzW2id9lMO/I8=
  dependencies:
    has-flag "^3.0.0"

through@^2.3.6:
  version "2.3.8"
  resolved "http://artifactory.factset.com/artifactory/api/npm/npm/through/-/through-2.3.8.tgz#0dd4c9ffaabc357960b1b724115d7e0e86a2e1f5"
  integrity sha1-DdTJ/6q8NXlgsbckEV1+Doai4fU=

tmp@^0.0.33:
  version "0.0.33"
  resolved "http://artifactory.factset.com/artifactory/api/npm/npm/tmp/-/tmp-0.0.33.tgz#6d34335889768d21b2bcda0aa277ced3b1bfadf9"
  integrity sha1-bTQzWIl2jSGyvNoKonfO07G/rfk=
  dependencies:
    os-tmpdir "~1.0.2"

underscore@^1.8.3:
  version "1.9.1"
  resolved "http://artifactory.factset.com/artifactory/api/npm/npm/underscore/-/underscore-1.9.1.tgz#06dce34a0e68a7babc29b365b8e74b8925203961"
  integrity sha1-BtzjSg5op7q8KbNluOdLiSUgOWE=

vue-context-menu@^2.0.6:
  version "2.0.6"
  resolved "http://artifactory.factset.com/artifactory/api/npm/npm/vue-context-menu/-/vue-context-menu-2.0.6.tgz#185107cd3ae51f25c53266a2751008fa7da4f34e"
  integrity sha1-GFEHzTrlHyXFMmaidRAI+n2k804=

vue-functional-data-merge@^3.1.0:
  version "3.1.0"
  resolved "http://artifactory.factset.com/artifactory/api/npm/npm/vue-functional-data-merge/-/vue-functional-data-merge-3.1.0.tgz#08a7797583b7f35680587f8a1d51d729aa1dc657"
  integrity sha1-CKd5dYO381aAWH+KHVHXKaodxlc=

vue-jstree@^2.1.6:
  version "2.1.6"
  resolved "http://artifactory.factset.com/artifactory/api/npm/npm/vue-jstree/-/vue-jstree-2.1.6.tgz#44827ad72953ed77da6590ce4e8f37f7787f8653"
  integrity sha1-RIJ61ylT7XfaZZDOTo8393h/hlM=

vue-peerjs@^0.3.0:
  version "0.3.0"
  resolved "http://artifactory.factset.com/artifactory/api/npm/npm/vue-peerjs/-/vue-peerjs-0.3.0.tgz#07999105a4043064690db0ea44818e1e7de0d136"
  integrity sha1-B5mRBaQEMGRpDbDqRIGOHn3g0TY=
  dependencies:
    camelcase "^5.3.1"

vue-underscore@^0.1.4:
  version "0.1.4"
  resolved "http://artifactory.factset.com/artifactory/api/npm/npm/vue-underscore/-/vue-underscore-0.1.4.tgz#c3dcee26a6e0279df29448a6041a7e64c20981aa"
  integrity sha1-w9zuJqbgJ53ylEimBBp+ZMIJgao=
  dependencies:
    underscore "^1.8.3"

vue@^2.6.10:
  version "2.6.10"
  resolved "http://artifactory.factset.com/artifactory/api/npm/npm/vue/-/vue-2.6.10.tgz#a72b1a42a4d82a721ea438d1b6bf55e66195c637"
  integrity sha1-pysaQqTYKnIepDjRtr9V5mGVxjc=

vuedraggable@^2.23.2:
  version "2.23.2"
  resolved "http://artifactory.factset.com/artifactory/api/npm/npm/vuedraggable/-/vuedraggable-2.23.2.tgz#0d95d7fdf4f02f56755a26b3c9dca5c7ca9cfa72"
  integrity sha1-DZXX/fTwL1Z1Wiazydylx8qc+nI=
  dependencies:
    sortablejs "^1.10.1"

webrtc-adapter@^7.3.0:
  version "7.3.0"
  resolved "http://artifactory.factset.com/artifactory/api/npm/npm/webrtc-adapter/-/webrtc-adapter-7.3.0.tgz#a65e18aad42759bab6ced7f8cfff11b051321e2a"
  integrity sha1-pl4YqtQnWbq2ztf4z/8RsFEyHio=
  dependencies:
    rtcpeerconnection-shim "^1.2.15"
    sdp "^2.10.0"
